
Microsoft Visual Studio Solution File, Format Version 12.00
# Visual Studio Version 16
VisualStudioVersion = 16.0.31129.286
MinimumVisualStudioVersion = 10.0.40219.1
Project("{9A19103F-16F7-4668-BE54-9A1E7A4F7556}") = "OSK_App", "OSK_App\OSK_App.csproj", "{C36D6FCA-A274-4158-9EAB-0AF8554B7B12}"
EndProject
Project("{FAE04EC0-301F-11D3-BF4B-00C04F79EFBC}") = "UnitTest_OSKApp", "UnitTest_OSKApp\UnitTest_OSKApp.csproj", "{B9C516A4-4305-4378-B6F1-9E189D45F646}"
EndProject
Global
	GlobalSection(SolutionConfigurationPlatforms) = preSolution
		Debug|Any CPU = Debug|Any CPU
		Release|Any CPU = Release|Any CPU
	EndGlobalSection
	GlobalSection(ProjectConfigurationPlatforms) = postSolution
		{C36D6FCA-A274-4158-9EAB-0AF8554B7B12}.Debug|Any CPU.ActiveCfg = Debug|Any CPU
		{C36D6FCA-A274-4158-9EAB-0AF8554B7B12}.Debug|Any CPU.Build.0 = Debug|Any CPU
		{C36D6FCA-A274-4158-9EAB-0AF8554B7B12}.Release|Any CPU.ActiveCfg = Release|Any CPU
		{C36D6FCA-A274-4158-9EAB-0AF8554B7B12}.Release|Any CPU.Build.0 = Release|Any CPU
		{B9C516A4-4305-4378-B6F1-9E189D45F646}.Debug|Any CPU.ActiveCfg = Debug|Any CPU
		{B9C516A4-4305-4378-B6F1-9E189D45F646}.Debug|Any CPU.Build.0 = Debug|Any CPU
		{B9C516A4-4305-4378-B6F1-9E189D45F646}.Release|Any CPU.ActiveCfg = Release|Any CPU
		{B9C516A4-4305-4378-B6F1-9E189D45F646}.Release|Any CPU.Build.0 = Release|Any CPU
	EndGlobalSection
	GlobalSection(SolutionProperties) = preSolution
		HideSolutionNode = FALSE
	EndGlobalSection
	GlobalSection(ExtensibilityGlobals) = postSolution
		SolutionGuid = {D0A5FDD0-C970-42E1-8473-FAE94F80A0FE}
	EndGlobalSection
EndGlobal
